
Microsoft Visual Studio Solution File, Format Version 12.00
# Visual Studio Version 17
VisualStudioVersion = 17.0.31903.59
MinimumVisualStudioVersion = 10.0.40219.1
Project("{FAE04EC0-301F-11D3-BF4B-00C04F79EFBC}") = "API", "API\API.csproj", "{C792DA17-7911-4D22-A766-6045E4F3F199}"
EndProject
Project("{FAE04EC0-301F-11D3-BF4B-00C04F79EFBC}") = "Application", "Application\Application.csproj", "{AA5527DF-8178-40F3-B094-4F72ACA9701D}"
EndProject
Project("{FAE04EC0-301F-11D3-BF4B-00C04F79EFBC}") = "Domain", "Domain\Domain.csproj", "{9E8F243D-2ADA-41F6-B0D0-3AC21B7A950F}"
EndProject
Project("{FAE04EC0-301F-11D3-BF4B-00C04F79EFBC}") = "Infrastructure", "Infrastructure\Infrastructure.csproj", "{65061202-301F-4FEC-8DED-3133E14F7216}"
EndProject
Global
	GlobalSection(SolutionConfigurationPlatforms) = preSolution
		Debug|Any CPU = Debug|Any CPU
		Release|Any CPU = Release|Any CPU
	EndGlobalSection
	GlobalSection(SolutionProperties) = preSolution
		HideSolutionNode = FALSE
	EndGlobalSection
	GlobalSection(ProjectConfigurationPlatforms) = postSolution
		{C792DA17-7911-4D22-A766-6045E4F3F199}.Debug|Any CPU.ActiveCfg = Debug|Any CPU
		{C792DA17-7911-4D22-A766-6045E4F3F199}.Debug|Any CPU.Build.0 = Debug|Any CPU
		{C792DA17-7911-4D22-A766-6045E4F3F199}.Release|Any CPU.ActiveCfg = Release|Any CPU
		{C792DA17-7911-4D22-A766-6045E4F3F199}.Release|Any CPU.Build.0 = Release|Any CPU
		{AA5527DF-8178-40F3-B094-4F72ACA9701D}.Debug|Any CPU.ActiveCfg = Debug|Any CPU
		{AA5527DF-8178-40F3-B094-4F72ACA9701D}.Debug|Any CPU.Build.0 = Debug|Any CPU
		{AA5527DF-8178-40F3-B094-4F72ACA9701D}.Release|Any CPU.ActiveCfg = Release|Any CPU
		{AA5527DF-8178-40F3-B094-4F72ACA9701D}.Release|Any CPU.Build.0 = Release|Any CPU
		{9E8F243D-2ADA-41F6-B0D0-3AC21B7A950F}.Debug|Any CPU.ActiveCfg = Debug|Any CPU
		{9E8F243D-2ADA-41F6-B0D0-3AC21B7A950F}.Debug|Any CPU.Build.0 = Debug|Any CPU
		{9E8F243D-2ADA-41F6-B0D0-3AC21B7A950F}.Release|Any CPU.ActiveCfg = Release|Any CPU
		{9E8F243D-2ADA-41F6-B0D0-3AC21B7A950F}.Release|Any CPU.Build.0 = Release|Any CPU
		{65061202-301F-4FEC-8DED-3133E14F7216}.Debug|Any CPU.ActiveCfg = Debug|Any CPU
		{65061202-301F-4FEC-8DED-3133E14F7216}.Debug|Any CPU.Build.0 = Debug|Any CPU
		{65061202-301F-4FEC-8DED-3133E14F7216}.Release|Any CPU.ActiveCfg = Release|Any CPU
		{65061202-301F-4FEC-8DED-3133E14F7216}.Release|Any CPU.Build.0 = Release|Any CPU
	EndGlobalSection
EndGlobal
